
Microsoft Visual Studio Solution File, Format Version 12.00
# Visual Studio Version 17
VisualStudioVersion = 17.10.35122.118
MinimumVisualStudioVersion = 10.0.40219.1
Project("{9A19103F-16F7-4668-BE54-9A1E7A4F7556}") = "MQQueueMonitor", "MQQueueMonitor.csproj", "{276C6F98-F066-4400-8569-F6A53D44D3DA}"
EndProject
Global
	GlobalSection(SolutionConfigurationPlatforms) = preSolution
		Debug|Any CPU = Debug|Any CPU
		Release|Any CPU = Release|Any CPU
	EndGlobalSection
	GlobalSection(ProjectConfigurationPlatforms) = postSolution
		{276C6F98-F066-4400-8569-F6A53D44D3DA}.Debug|Any CPU.ActiveCfg = Debug|Any CPU
		{276C6F98-F066-4400-8569-F6A53D44D3DA}.Debug|Any CPU.Build.0 = Debug|Any CPU
		{276C6F98-F066-4400-8569-F6A53D44D3DA}.Release|Any CPU.ActiveCfg = Release|Any CPU
		{276C6F98-F066-4400-8569-F6A53D44D3DA}.Release|Any CPU.Build.0 = Release|Any CPU
	EndGlobalSection
	GlobalSection(SolutionProperties) = preSolution
		HideSolutionNode = FALSE
	EndGlobalSection
	GlobalSection(ExtensibilityGlobals) = postSolution
		SolutionGuid = {C957C819-E4AA-4C96-BDA5-865290380B94}
	EndGlobalSection
EndGlobal
